
Microsoft Visual Studio Solution File, Format Version 12.00
# Visual Studio Version 17
VisualStudioVersion = 17.2.32505.173
MinimumVisualStudioVersion = 10.0.40219.1
Project("{FAE04EC0-301F-11D3-BF4B-00C04F79EFBC}") = "DataStructure", "DataStructure\DataStructure.csproj", "{569925C2-FAC9-4D09-9E12-B2A8C2C959C8}"
EndProject
Global
	GlobalSection(SolutionConfigurationPlatforms) = preSolution
		Debug|Any CPU = Debug|Any CPU
		Release|Any CPU = Release|Any CPU
	EndGlobalSection
	GlobalSection(ProjectConfigurationPlatforms) = postSolution
		{569925C2-FAC9-4D09-9E12-B2A8C2C959C8}.Debug|Any CPU.ActiveCfg = Debug|Any CPU
		{569925C2-FAC9-4D09-9E12-B2A8C2C959C8}.Debug|Any CPU.Build.0 = Debug|Any CPU
		{569925C2-FAC9-4D09-9E12-B2A8C2C959C8}.Release|Any CPU.ActiveCfg = Release|Any CPU
		{569925C2-FAC9-4D09-9E12-B2A8C2C959C8}.Release|Any CPU.Build.0 = Release|Any CPU
	EndGlobalSection
	GlobalSection(SolutionProperties) = preSolution
		HideSolutionNode = FALSE
	EndGlobalSection
	GlobalSection(ExtensibilityGlobals) = postSolution
		SolutionGuid = {9134043F-106E-4DFF-BCA3-A653E9C349F2}
	EndGlobalSection
EndGlobal
